{
  "version": "2",
  "remote": {
    "https://cdn.skypack.dev/-/@twind/typography@v0.0.2-WONWjzcQy8JEZ5dPCwoI/dist=es2019,mode=imports,min/optimized/@twind/typography.js": "9dd3c609b55df1c3ceca7eb51ae4056d6ce944b1a0ec3feb5b8a68326dc7cba2",
    "https://cdn.skypack.dev/-/dragjs@v0.13.3-me5BBq5bvn2QQFZBJZVn/dist=es2019,mode=imports,min/optimized/dragjs.js": "02de2be8c505dbdcbcef68c4fbcc6b2a84e1861fe2d55c5234add20515110e7e",
    "https://cdn.skypack.dev/-/immer@v9.0.16-jlFiFlg3t7hqWHKp0hsC/dist=es2019,mode=imports,min/optimized/immer.js": "df1822ce7c2e3204d9275a5ca3f0644ea487eed510bd4d4b47992e0405d269a0",
    "https://cdn.skypack.dev/-/nanoid@v4.0.0-SV3vmaOx0roSeDMY0GZY/dist=es2019,mode=imports,min/optimized/nanoid.js": "0672928b21f8391e39f8d8ce04a610ef0d31ff5afaf1e15872169e4902190329",
    "https://cdn.skypack.dev/-/style-vendorizer@v2.0.0-M3RNjjqClSTio1f91tNw/dist=es2019,mode=imports,min/optimized/style-vendorizer.js": "07b219b6159c3969b388146ebd8676971cc5d1fe5c59a26fa50996ae420a1c5f",
    "https://cdn.skypack.dev/-/twind@v0.16.16-LPGqCzM3XVHFUO0IDjyk/dist=es2019,mode=imports,min/optimized/twind.js": "34c235c84f33c8db4666fd48c266b1e53ee020a929d24551d6f592426fb57635",
    "https://cdn.skypack.dev/-/twind@v0.16.16-LPGqCzM3XVHFUO0IDjyk/dist=es2019,mode=imports,min/optimized/twind/colors.js": "3fa8d7d2ea968252bd2cc663cebbd2be65609ce489519420b0f13016c1840bfc",
    "https://cdn.skypack.dev/-/twind@v0.16.16-LPGqCzM3XVHFUO0IDjyk/dist=es2020,mode=imports/optimized/twind/sheets.js": "d8490b1c1f6157c358f5d6a1df980e9a5887239d4aa9c4a69bc2d107f36dab32",
    "https://cdn.skypack.dev/@twind/typography@0.0.2?min": "c26f11a2ec91ef6c3d8ec5dd078abb2139b32b507ad70975b1820264c6491be4",
    "https://cdn.skypack.dev/dragjs@v0.13.3?min": "b40cadd5ad6b9f54a444f5f8aa6fa94515ebf5c9036e258c086ed2b8a25a6282",
    "https://cdn.skypack.dev/immer@9.0.16?min": "97f8bf0f3f28adae7c053107abc91922b16fac965e99ae4b264b28743736c997",
    "https://cdn.skypack.dev/nanoid@4.0.0?min": "6df8d1088889cfc344d4d0775106363ad79e5a1dffc27a1516eb027407203d9b",
    "https://cdn.skypack.dev/twind@0.16.16/colors?min": "2f554dfdaa48412dafde71fad4c3b91464bac2260ffc20d1f3380d27e0f13059",
    "https://cdn.skypack.dev/twind@0.16.16/sheets": "0397413b186082fb0f6479b24cd826853a5562a0ae4fdd3ced43ffbb91375983",
    "https://cdn.skypack.dev/twind@0.16.16?min": "9f798f1ff101bf0f71c29e35e04b49f58df6678d26a57998a9d72fa3641d0809",
    "https://deno.land/std@0.134.0/_util/assert.ts": "e94f2eb37cebd7f199952e242c77654e43333c1ac4c5c700e929ea3aa5489f74",
    "https://deno.land/std@0.134.0/bytes/bytes_list.ts": "67eb118e0b7891d2f389dad4add35856f4ad5faab46318ff99653456c23b025d",
    "https://deno.land/std@0.134.0/bytes/equals.ts": "a60ef9f01fb6e06a4e0343fc44d53d39d12dd66bc3f09ac8e6eb9cc1a6335e48",
    "https://deno.land/std@0.134.0/bytes/mod.ts": "4cef6fe8f0de217b9babbcbb0a566402b667f18a8e6d094a45e5fb3fc1afff70",
    "https://deno.land/std@0.134.0/encoding/_yaml/dumper/dumper.ts": "51998d88c46f2720bf6c2d16416873a0501f69ea8648faf270cba41ad54a5580",
    "https://deno.land/std@0.134.0/encoding/_yaml/dumper/dumper_state.ts": "3c1bc8519c1832f0f136856881b97f0b42f64b7968767dbc36b8b0b6cae963dc",
    "https://deno.land/std@0.134.0/encoding/_yaml/error.ts": "6ca899f6d86c6979bce6d7c3a6a8e2a360b09d8b0f55d2e649bd1233604fb7c9",
    "https://deno.land/std@0.134.0/encoding/_yaml/loader/loader.ts": "d429d545bfed666f2e00572b6694eb70f6c7639926ff4889524e676eeccf9a8b",
    "https://deno.land/std@0.134.0/encoding/_yaml/loader/loader_state.ts": "59124e56d864274ce4043dca8bf63e937c6e960e4ad120465e424b38f3469b2d",
    "https://deno.land/std@0.134.0/encoding/_yaml/mark.ts": "7f67f43755b2602fefe52012eb3ab627880da97edd0f6c00f916ceb2ddb1b5d1",
    "https://deno.land/std@0.134.0/encoding/_yaml/parse.ts": "8f362dc01401099263d73a4bfa00bc90ea456d202507d62a11dfcfeac74484f5",
    "https://deno.land/std@0.134.0/encoding/_yaml/schema.ts": "83717fbf829f1caba84ff02e468c8792c47491fd202b1d95776ed0d8f58ea559",
    "https://deno.land/std@0.134.0/encoding/_yaml/schema/core.ts": "bcb47a389d596369fbfccf73a6b221ac3ca5440149b4f6df1e707f2efc6854ef",
    "https://deno.land/std@0.134.0/encoding/_yaml/schema/default.ts": "8b6bd9cb1cab07a3397e1cc3843edba6ad40d1bd15687c1f56cd977da834d984",
    "https://deno.land/std@0.134.0/encoding/_yaml/schema/extended.ts": "5e0bfd9a28c7a82ba40fc7ff7890df7469ec85390320349974acbc627ae1be88",
    "https://deno.land/std@0.134.0/encoding/_yaml/schema/failsafe.ts": "7254a9ca0dff8f30377098622812e55c4535aaf352fecb4ec51939e596bd74e7",
    "https://deno.land/std@0.134.0/encoding/_yaml/schema/json.ts": "2205d0d3d3377de56f92ac0f4a82bf561ea0d7b86eb195c9f0c32c7c7871d78f",
    "https://deno.land/std@0.134.0/encoding/_yaml/schema/mod.ts": "6769df6082aceee9849f71168f4353ba4f92e4a2a5a429a422debac13a593d4e",
    "https://deno.land/std@0.134.0/encoding/_yaml/state.ts": "374b8dc170417beccb364e543b25eef73576196f4a526836bb3a621b87a204a3",
    "https://deno.land/std@0.134.0/encoding/_yaml/stringify.ts": "ec15035c1928f96f4e42c0a0e9f3082512e294fd6b8ff6a0403a3ee9282f69aa",
    "https://deno.land/std@0.134.0/encoding/_yaml/type.ts": "95ad0cdbab49343b1527ebc7762c477726c34702438375be6781b44e03e9fcfc",
    "https://deno.land/std@0.134.0/encoding/_yaml/type/binary.ts": "8ae1bdeebe090133b1d1e1ef8427d5ea03f8b6f8944bd2eca578c81330700b0a",
    "https://deno.land/std@0.134.0/encoding/_yaml/type/bool.ts": "95c030531adc3d66a59979dc25c2fcdeb1f58ae40a91d6f9e9a537af0fd2b5a4",
    "https://deno.land/std@0.134.0/encoding/_yaml/type/float.ts": "0c39a6a3bb7cd90178c5bcdeb73a7b6865482db5b8b0495883289a8bc2d541fb",
    "https://deno.land/std@0.134.0/encoding/_yaml/type/function.ts": "b5642dda5ef8d47c0325a2b89a022cbce3be45ba21f8c4f9202364d967c6b3e5",
    "https://deno.land/std@0.134.0/encoding/_yaml/type/int.ts": "7197cba96ad8ad3c596ca34a364dacdf91ef396c462c6c2daecbdec056353f3d",
    "https://deno.land/std@0.134.0/encoding/_yaml/type/map.ts": "78bf5447d2e3f79d59bf7cb63a76ca7797854a0d8e2154c6fd35775c4e5c8c61",
    "https://deno.land/std@0.134.0/encoding/_yaml/type/merge.ts": "094b272e6087c6aef39cd9617fa6603ec934e507faad6c276d293e2734f9b083",
    "https://deno.land/std@0.134.0/encoding/_yaml/type/mod.ts": "b2f267dc0b0296cf8f6109aa129e2cf6d1e1f8c59f8903f0330c18749eca2d3c",
    "https://deno.land/std@0.134.0/encoding/_yaml/type/nil.ts": "1988843acab56e99e883cd047c40cc7fb799b6d335f541f022ae3b914abcbe35",
    "https://deno.land/std@0.134.0/encoding/_yaml/type/omap.ts": "fd3f2f9a8ae634996da84d021353ac8bf4b41e714f2711159d756d0e2f3aabd1",
    "https://deno.land/std@0.134.0/encoding/_yaml/type/pairs.ts": "90736f87b6e39a144205a235d8851f7bebf6bb3835fd03742c30253d5ecd7ec5",
    "https://deno.land/std@0.134.0/encoding/_yaml/type/regexp.ts": "a9e70491fa7ede8689b933d81142aa7635a253733a4df626bd479c55cb64222e",
    "https://deno.land/std@0.134.0/encoding/_yaml/type/seq.ts": "135f37a1b6dcb3688bc0dad0c9dc3a04370b1fc94267960586ea23877ffd3088",
    "https://deno.land/std@0.134.0/encoding/_yaml/type/set.ts": "2937ac0e1ce8c121a4009e74568e341e2a380fdb5f41f16050ce2ca7537b2bd8",
    "https://deno.land/std@0.134.0/encoding/_yaml/type/str.ts": "6420d3a0099d9fbc35861241b7dad65b800ff3909efe71ab71c895326187ab8d",
    "https://deno.land/std@0.134.0/encoding/_yaml/type/timestamp.ts": "3db0667dd9bdc3b3f0e8596fff023e87bc9fca230a545bb67d0bf3b732c1c656",
    "https://deno.land/std@0.134.0/encoding/_yaml/type/undefined.ts": "5b595082d064cf50a3345f5fdda8c02beb0768e9d97d4bd4c53ac81a9f94e185",
    "https://deno.land/std@0.134.0/encoding/_yaml/utils.ts": "c7e6bf055b08fffe700c7cbdfa2939cab7b9676ff75b6dc98d72d41b3b173d37",
    "https://deno.land/std@0.134.0/encoding/yaml.ts": "6760095814791325684cd146d10d49eef32bc4328a0516bf88fac9dc2cffa423",
    "https://deno.land/std@0.134.0/io/buffer.ts": "bd0c4bf53db4b4be916ca5963e454bddfd3fcd45039041ea161dbf826817822b",
    "https://deno.land/std@0.134.0/io/types.d.ts": "01f60ae7ec02675b5dbed150d258fc184a78dfe5c209ef53ba4422b46b58822c",
    "https://deno.land/std@0.140.0/_util/assert.ts": "e94f2eb37cebd7f199952e242c77654e43333c1ac4c5c700e929ea3aa5489f74",
    "https://deno.land/std@0.140.0/_util/os.ts": "3b4c6e27febd119d36a416d7a97bd3b0251b77c88942c8f16ee5953ea13e2e49",
    "https://deno.land/std@0.140.0/path/_constants.ts": "df1db3ffa6dd6d1252cc9617e5d72165cd2483df90e93833e13580687b6083c3",
    "https://deno.land/std@0.140.0/path/_interface.ts": "ee3b431a336b80cf445441109d089b70d87d5e248f4f90ff906820889ecf8d09",
    "https://deno.land/std@0.140.0/path/_util.ts": "c1e9686d0164e29f7d880b2158971d805b6e0efc3110d0b3e24e4b8af2190d2b",
    "https://deno.land/std@0.140.0/path/common.ts": "bee563630abd2d97f99d83c96c2fa0cca7cee103e8cb4e7699ec4d5db7bd2633",
    "https://deno.land/std@0.140.0/path/glob.ts": "cb5255638de1048973c3e69e420c77dc04f75755524cb3b2e160fe9277d939ee",
    "https://deno.land/std@0.140.0/path/mod.ts": "d3e68d0abb393fb0bf94a6d07c46ec31dc755b544b13144dee931d8d5f06a52d",
    "https://deno.land/std@0.140.0/path/posix.ts": "293cdaec3ecccec0a9cc2b534302dfe308adb6f10861fa183275d6695faace44",
    "https://deno.land/std@0.140.0/path/separator.ts": "fe1816cb765a8068afb3e8f13ad272351c85cbc739af56dacfc7d93d710fe0f9",
    "https://deno.land/std@0.140.0/path/win32.ts": "31811536855e19ba37a999cd8d1b62078235548d67902ece4aa6b814596dd757",
    "https://deno.land/std@0.161.0/_util/assert.ts": "e94f2eb37cebd7f199952e242c77654e43333c1ac4c5c700e929ea3aa5489f74",
    "https://deno.land/std@0.161.0/_util/os.ts": "8a33345f74990e627b9dfe2de9b040004b08ea5146c7c9e8fe9a29070d193934",
    "https://deno.land/std@0.161.0/async/abortable.ts": "87aa7230be8360c24ad437212311c9e8d4328854baec27b4c7abb26e85515c06",
    "https://deno.land/std@0.161.0/async/deadline.ts": "48ac998d7564969f3e6ec6b6f9bf0217ebd00239b1b2292feba61272d5dd58d0",
    "https://deno.land/std@0.161.0/async/debounce.ts": "dc8b92d4a4fe7eac32c924f2b8d3e62112530db70cadce27042689d82970b350",
    "https://deno.land/std@0.161.0/async/deferred.ts": "d8fb253ffde2a056e4889ef7e90f3928f28be9f9294b6505773d33f136aab4e6",
    "https://deno.land/std@0.161.0/async/delay.ts": "0419dfc993752849692d1f9647edf13407c7facc3509b099381be99ffbc9d699",
    "https://deno.land/std@0.161.0/async/mod.ts": "dd0a8ed4f3984ffabe2fcca7c9f466b7932d57b1864ffee148a5d5388316db6b",
    "https://deno.land/std@0.161.0/async/mux_async_iterator.ts": "3447b28a2a582224a3d4d3596bccbba6e85040da3b97ed64012f7decce98d093",
    "https://deno.land/std@0.161.0/async/pool.ts": "ef9eb97b388543acbf0ac32647121e4dbe629236899586c4d4311a8770fbb239",
    "https://deno.land/std@0.161.0/async/tee.ts": "9af3a3e7612af75861308b52249e167f5ebc3dcfc8a1a4d45462d96606ee2b70",
    "https://deno.land/std@0.161.0/bytes/bytes_list.ts": "aba5e2369e77d426b10af1de0dcc4531acecec27f9b9056f4f7bfbf8ac147ab4",
    "https://deno.land/std@0.161.0/bytes/equals.ts": "3c3558c3ae85526f84510aa2b48ab2ad7bdd899e2e0f5b7a8ffc85acb3a6043a",
    "https://deno.land/std@0.161.0/bytes/mod.ts": "b2e342fd3669176a27a4e15061e9d588b89c1aaf5008ab71766e23669565d179",
    "https://deno.land/std@0.161.0/encoding/_yaml/dumper/dumper.ts": "5bd334372608a1aec7a2343705930889d4048f57a2c4d398f1d6d75996ecd0d3",
    "https://deno.land/std@0.161.0/encoding/_yaml/dumper/dumper_state.ts": "3c1bc8519c1832f0f136856881b97f0b42f64b7968767dbc36b8b0b6cae963dc",
    "https://deno.land/std@0.161.0/encoding/_yaml/error.ts": "6ca899f6d86c6979bce6d7c3a6a8e2a360b09d8b0f55d2e649bd1233604fb7c9",
    "https://deno.land/std@0.161.0/encoding/_yaml/loader/loader.ts": "db200890459e9490b21d8ce657d9566327e1d1d20ed493393a1f04a51516436c",
    "https://deno.land/std@0.161.0/encoding/_yaml/loader/loader_state.ts": "59124e56d864274ce4043dca8bf63e937c6e960e4ad120465e424b38f3469b2d",
    "https://deno.land/std@0.161.0/encoding/_yaml/mark.ts": "7f67f43755b2602fefe52012eb3ab627880da97edd0f6c00f916ceb2ddb1b5d1",
    "https://deno.land/std@0.161.0/encoding/_yaml/parse.ts": "8f362dc01401099263d73a4bfa00bc90ea456d202507d62a11dfcfeac74484f5",
    "https://deno.land/std@0.161.0/encoding/_yaml/schema.ts": "db295ea6079fce9c38f4ee2ff1233c65db598b35b379551e445b558534b2e1fd",
    "https://deno.land/std@0.161.0/encoding/_yaml/schema/core.ts": "bcb47a389d596369fbfccf73a6b221ac3ca5440149b4f6df1e707f2efc6854ef",
    "https://deno.land/std@0.161.0/encoding/_yaml/schema/default.ts": "8b6bd9cb1cab07a3397e1cc3843edba6ad40d1bd15687c1f56cd977da834d984",
    "https://deno.land/std@0.161.0/encoding/_yaml/schema/extended.ts": "5e0bfd9a28c7a82ba40fc7ff7890df7469ec85390320349974acbc627ae1be88",
    "https://deno.land/std@0.161.0/encoding/_yaml/schema/failsafe.ts": "7254a9ca0dff8f30377098622812e55c4535aaf352fecb4ec51939e596bd74e7",
    "https://deno.land/std@0.161.0/encoding/_yaml/schema/json.ts": "2205d0d3d3377de56f92ac0f4a82bf561ea0d7b86eb195c9f0c32c7c7871d78f",
    "https://deno.land/std@0.161.0/encoding/_yaml/schema/mod.ts": "6769df6082aceee9849f71168f4353ba4f92e4a2a5a429a422debac13a593d4e",
    "https://deno.land/std@0.161.0/encoding/_yaml/state.ts": "374b8dc170417beccb364e543b25eef73576196f4a526836bb3a621b87a204a3",
    "https://deno.land/std@0.161.0/encoding/_yaml/stringify.ts": "ec15035c1928f96f4e42c0a0e9f3082512e294fd6b8ff6a0403a3ee9282f69aa",
    "https://deno.land/std@0.161.0/encoding/_yaml/type.ts": "95ad0cdbab49343b1527ebc7762c477726c34702438375be6781b44e03e9fcfc",
    "https://deno.land/std@0.161.0/encoding/_yaml/type/binary.ts": "8ae1bdeebe090133b1d1e1ef8427d5ea03f8b6f8944bd2eca578c81330700b0a",
    "https://deno.land/std@0.161.0/encoding/_yaml/type/bool.ts": "95c030531adc3d66a59979dc25c2fcdeb1f58ae40a91d6f9e9a537af0fd2b5a4",
    "https://deno.land/std@0.161.0/encoding/_yaml/type/float.ts": "60e26783fd0e4472bd222e028323ff68e0c5ff37a9871298c676335d8574cf87",
    "https://deno.land/std@0.161.0/encoding/_yaml/type/function.ts": "b5642dda5ef8d47c0325a2b89a022cbce3be45ba21f8c4f9202364d967c6b3e5",
    "https://deno.land/std@0.161.0/encoding/_yaml/type/int.ts": "166cdd73d9473373e0e65e9f65d5fd8e96cbd303b58535e2ff2e049bb73dbefb",
    "https://deno.land/std@0.161.0/encoding/_yaml/type/map.ts": "78bf5447d2e3f79d59bf7cb63a76ca7797854a0d8e2154c6fd35775c4e5c8c61",
    "https://deno.land/std@0.161.0/encoding/_yaml/type/merge.ts": "094b272e6087c6aef39cd9617fa6603ec934e507faad6c276d293e2734f9b083",
    "https://deno.land/std@0.161.0/encoding/_yaml/type/mod.ts": "b2f267dc0b0296cf8f6109aa129e2cf6d1e1f8c59f8903f0330c18749eca2d3c",
    "https://deno.land/std@0.161.0/encoding/_yaml/type/nil.ts": "1988843acab56e99e883cd047c40cc7fb799b6d335f541f022ae3b914abcbe35",
    "https://deno.land/std@0.161.0/encoding/_yaml/type/omap.ts": "fd3f2f9a8ae634996da84d021353ac8bf4b41e714f2711159d756d0e2f3aabd1",
    "https://deno.land/std@0.161.0/encoding/_yaml/type/pairs.ts": "90736f87b6e39a144205a235d8851f7bebf6bb3835fd03742c30253d5ecd7ec5",
    "https://deno.land/std@0.161.0/encoding/_yaml/type/regexp.ts": "a9e70491fa7ede8689b933d81142aa7635a253733a4df626bd479c55cb64222e",
    "https://deno.land/std@0.161.0/encoding/_yaml/type/seq.ts": "135f37a1b6dcb3688bc0dad0c9dc3a04370b1fc94267960586ea23877ffd3088",
    "https://deno.land/std@0.161.0/encoding/_yaml/type/set.ts": "2937ac0e1ce8c121a4009e74568e341e2a380fdb5f41f16050ce2ca7537b2bd8",
    "https://deno.land/std@0.161.0/encoding/_yaml/type/str.ts": "6420d3a0099d9fbc35861241b7dad65b800ff3909efe71ab71c895326187ab8d",
    "https://deno.land/std@0.161.0/encoding/_yaml/type/timestamp.ts": "3db0667dd9bdc3b3f0e8596fff023e87bc9fca230a545bb67d0bf3b732c1c656",
    "https://deno.land/std@0.161.0/encoding/_yaml/type/undefined.ts": "5b595082d064cf50a3345f5fdda8c02beb0768e9d97d4bd4c53ac81a9f94e185",
    "https://deno.land/std@0.161.0/encoding/_yaml/utils.ts": "c7e6bf055b08fffe700c7cbdfa2939cab7b9676ff75b6dc98d72d41b3b173d37",
    "https://deno.land/std@0.161.0/encoding/yaml.ts": "4c02197eb797e40dfe0720fbe32a9990c935f02cf75b6091b36c0710c3218cf6",
    "https://deno.land/std@0.161.0/flags/mod.ts": "686b6b36e14b00f11c9e26cecf439021158436a6e34f60eeb0d927f0b169ae20",
    "https://deno.land/std@0.161.0/fs/_util.ts": "fdc156f897197f261a1c096dcf8ff9267ed0ff42bd5b31f55053a4763a4bae3b",
    "https://deno.land/std@0.161.0/fs/copy.ts": "73bdf24f4322648d9bc38ef983b818637ba368351d17aa03644209d3ce3eac31",
    "https://deno.land/std@0.161.0/fs/empty_dir.ts": "c15a0aaaf40f8c21cca902aa1e01a789ad0c2fd1b7e2eecf4957053c5dbf707f",
    "https://deno.land/std@0.161.0/fs/ensure_dir.ts": "76395fc1c989ca8d2de3aedfa8240eb8f5225cde20f926de957995b063135b80",
    "https://deno.land/std@0.161.0/fs/ensure_file.ts": "b8e32ea63aa21221d0219760ba3f741f682d7f7d68d0d24a3ec067c338568152",
    "https://deno.land/std@0.161.0/fs/ensure_link.ts": "5cc1c04f18487d7d1edf4c5469705f30b61390ffd24ad7db6df85e7209b32bb2",
    "https://deno.land/std@0.161.0/fs/ensure_symlink.ts": "5273557b8c50be69477aa9cb003b54ff2240a336db52a40851c97abce76b96ab",
    "https://deno.land/std@0.161.0/fs/eol.ts": "65b1e27320c3eec6fb653b27e20056ee3d015d3e91db388cfefa41616ebc7cb3",
    "https://deno.land/std@0.161.0/fs/exists.ts": "6a447912e49eb79cc640adacfbf4b0baf8e17ede6d5bed057062ce33c4fa0d68",
    "https://deno.land/std@0.161.0/fs/expand_glob.ts": "d3f62aefc7718d878904d60d91e8e6dbbf86c696d32b6cbbc333637acf7f8571",
    "https://deno.land/std@0.161.0/fs/mod.ts": "354a6f972ef4e00c4dd1f1339a8828ef0764c1c23d3c0010af3fcc025d8655b0",
    "https://deno.land/std@0.161.0/fs/move.ts": "6d7fa9da60dbc7a32dd7fdbc2ff812b745861213c8e92ba96dace0669b0c378c",
    "https://deno.land/std@0.161.0/fs/walk.ts": "d96d4e5b6a3552e8304f28a0fd0b317b812298298449044f8de4932c869388a5",
    "https://deno.land/std@0.161.0/http/server.ts": "e99c1bee8a3f6571ee4cdeb2966efad465b8f6fe62bec1bdb59c1f007cc4d155",
    "https://deno.land/std@0.161.0/io/buffer.ts": "fae02290f52301c4e0188670e730cd902f9307fb732d79c4aa14ebdc82497289",
    "https://deno.land/std@0.161.0/io/types.d.ts": "107e1e64834c5ba917c783f446b407d33432c5d612c4b3430df64fc2b4ecf091",
    "https://deno.land/std@0.161.0/path/_constants.ts": "df1db3ffa6dd6d1252cc9617e5d72165cd2483df90e93833e13580687b6083c3",
    "https://deno.land/std@0.161.0/path/_interface.ts": "ee3b431a336b80cf445441109d089b70d87d5e248f4f90ff906820889ecf8d09",
    "https://deno.land/std@0.161.0/path/_util.ts": "d16be2a16e1204b65f9d0dfc54a9bc472cafe5f4a190b3c8471ec2016ccd1677",
    "https://deno.land/std@0.161.0/path/common.ts": "bee563630abd2d97f99d83c96c2fa0cca7cee103e8cb4e7699ec4d5db7bd2633",
    "https://deno.land/std@0.161.0/path/glob.ts": "cb5255638de1048973c3e69e420c77dc04f75755524cb3b2e160fe9277d939ee",
    "https://deno.land/std@0.161.0/path/mod.ts": "56fec03ad0ebd61b6ab39ddb9b0ddb4c4a5c9f2f4f632e09dd37ec9ebfd722ac",
    "https://deno.land/std@0.161.0/path/posix.ts": "6b63de7097e68c8663c84ccedc0fd977656eb134432d818ecd3a4e122638ac24",
    "https://deno.land/std@0.161.0/path/separator.ts": "fe1816cb765a8068afb3e8f13ad272351c85cbc739af56dacfc7d93d710fe0f9",
    "https://deno.land/std@0.161.0/path/win32.ts": "ee8826dce087d31c5c81cd414714e677eb68febc40308de87a2ce4b40e10fb8d",
    "https://deno.land/std@0.92.0/_util/assert.ts": "2f868145a042a11d5ad0a3c748dcf580add8a0dbc0e876eaa0026303a5488f58",
    "https://deno.land/std@0.92.0/_util/has_own_property.ts": "f5edd94ed3f3c20c517d812045deb97977e18501c9b7105b5f5c11a31893d7a2",
    "https://deno.land/std@0.92.0/async/deferred.ts": "624bef4b755b71394620508a0c234a93cb8020cbd1b04bfcdad41c174392cef6",
    "https://deno.land/std@0.92.0/async/delay.ts": "9de1d8d07d1927767ab7f82434b883f3d8294fb19cad819691a2ad81a728cf3d",
    "https://deno.land/std@0.92.0/async/mod.ts": "253b41c658d768613eacfb11caa0a9ca7148442f932018a45576f7f27554c853",
    "https://deno.land/std@0.92.0/async/mux_async_iterator.ts": "b9091909db04cdb0af6f7807677372f64c1488de6c4bd86004511b064bf230d6",
    "https://deno.land/std@0.92.0/async/pool.ts": "876f9e6815366cd017a3b4fbb9e9ae40310b1b6972f1bd541c94358bc11fb7e5",
    "https://deno.land/std@0.92.0/bytes/mod.ts": "1ae1ccfe98c4b979f12b015982c7444f81fcb921bea7aa215bf37d84f46e1e13",
    "https://deno.land/std@0.92.0/fmt/colors.ts": "db22b314a2ae9430ae7460ce005e0a7130e23ae1c999157e3bb77cf55800f7e4",
    "https://deno.land/std@0.92.0/hash/sha1.ts": "1cca324b4b253885a47f121adafcfac55b4cc96113e22b338e1db26f37a730b8",
    "https://deno.land/std@0.92.0/http/_io.ts": "bf1331dd3be8aace9120614c1fedc2bb2449edc4779e31b74c0181ea9173f702",
    "https://deno.land/std@0.92.0/http/http_status.ts": "ebaa9bebfb8adc3d7b20c49e11037e4eefd79629ad80d81383933f4cdc91b3eb",
    "https://deno.land/std@0.92.0/http/server.ts": "d4e17c2aa5a5c65a2d19b9f24483be5f6c2a3e03665996fdf973e53c43091b48",
    "https://deno.land/std@0.92.0/io/buffer.ts": "2a92f02c1d8daaebaf13e5678ea5969c89f4fab533f687b9e7e86f49f11c3118",
    "https://deno.land/std@0.92.0/io/bufio.ts": "4053ea5d978479be68ae4d73424045a59c6b7a6e8f66727e4bfde516baa07126",
    "https://deno.land/std@0.92.0/io/ioutil.ts": "275fa440494df9b4b3aa656301ced2eeac533feec128b3a39b2b40f4cd957e42",
    "https://deno.land/std@0.92.0/io/util.ts": "03ca10e063afce551c501505c607ec336a40b9cb72363f5508e2a9ac81096bbf",
    "https://deno.land/std@0.92.0/node/_utils.ts": "33b06f2877d3ee80f17190ee81fdc436755ce74b9c2a9a4492c7cdfe2a03e4c6",
    "https://deno.land/std@0.92.0/node/events.ts": "0feda0707e2229363f5df8b799fed41bb91de6ca7106f27c7a9f0a02ea11b9d4",
    "https://deno.land/std@0.92.0/testing/_diff.ts": "961eaf6d9f5b0a8556c9d835bbc6fa74f5addd7d3b02728ba7936ff93364f7a3",
    "https://deno.land/std@0.92.0/testing/asserts.ts": "83889f9a37bdab16cb68b023a15f9172ceb644f62c0e727c72d4870a666e53d6",
    "https://deno.land/std@0.92.0/textproto/mod.ts": "1c89b39a079dd158893ab2e9ff79391c66049433d6ca82da7d64b32280570d51",
    "https://deno.land/std@0.92.0/ws/mod.ts": "bc521b3066441eb115ac94e3507bcc73098542f81d8d3ce7aad8d837316ce990",
    "https://deno.land/std@0.97.0/_util/assert.ts": "2f868145a042a11d5ad0a3c748dcf580add8a0dbc0e876eaa0026303a5488f58",
    "https://deno.land/std@0.97.0/_util/os.ts": "e282950a0eaa96760c0cf11e7463e66babd15ec9157d4c9ed49cc0925686f6a7",
    "https://deno.land/std@0.97.0/encoding/base64.ts": "eecae390f1f1d1cae6f6c6d732ede5276bf4b9cd29b1d281678c054dc5cc009e",
    "https://deno.land/std@0.97.0/encoding/hex.ts": "f952e0727bddb3b2fd2e6889d104eacbd62e92091f540ebd6459317a61932d9b",
    "https://deno.land/std@0.97.0/fs/_util.ts": "f2ce811350236ea8c28450ed822a5f42a0892316515b1cd61321dec13569c56b",
    "https://deno.land/std@0.97.0/fs/ensure_dir.ts": "b7c103dc41a3d1dbbb522bf183c519c37065fdc234831a4a0f7d671b1ed5fea7",
    "https://deno.land/std@0.97.0/fs/exists.ts": "b0d2e31654819cc2a8d37df45d6b14686c0cc1d802e9ff09e902a63e98b85a00",
    "https://deno.land/std@0.97.0/hash/_wasm/hash.ts": "cb6ad1ab429f8ac9d6eae48f3286e08236d662e1a2e5cfd681ba1c0f17375895",
    "https://deno.land/std@0.97.0/hash/_wasm/wasm.js": "94b1b997ae6fb4e6d2156bcea8f79cfcd1e512a91252b08800a92071e5e84e1a",
    "https://deno.land/std@0.97.0/hash/hasher.ts": "57a9ec05dd48a9eceed319ac53463d9873490feea3832d58679df6eec51c176b",
    "https://deno.land/std@0.97.0/hash/mod.ts": "5d032bd34186cda2f8d17fc122d621430953a6030d4b3f11172004715e3e2441",
    "https://deno.land/std@0.97.0/path/_constants.ts": "1247fee4a79b70c89f23499691ef169b41b6ccf01887a0abd131009c5581b853",
    "https://deno.land/std@0.97.0/path/_interface.ts": "1fa73b02aaa24867e481a48492b44f2598cd9dfa513c7b34001437007d3642e4",
    "https://deno.land/std@0.97.0/path/_util.ts": "2e06a3b9e79beaf62687196bd4b60a4c391d862cfa007a20fc3a39f778ba073b",
    "https://deno.land/std@0.97.0/path/common.ts": "eaf03d08b569e8a87e674e4e265e099f237472b6fd135b3cbeae5827035ea14a",
    "https://deno.land/std@0.97.0/path/glob.ts": "314ad9ff263b895795208cdd4d5e35a44618ca3c6dd155e226fb15d065008652",
    "https://deno.land/std@0.97.0/path/mod.ts": "4465dc494f271b02569edbb4a18d727063b5dbd6ed84283ff906260970a15d12",
    "https://deno.land/std@0.97.0/path/posix.ts": "f56c3c99feb47f30a40ce9d252ef6f00296fa7c0fcb6dd81211bdb3b8b99ca3b",
    "https://deno.land/std@0.97.0/path/separator.ts": "8fdcf289b1b76fd726a508f57d3370ca029ae6976fcde5044007f062e643ff1c",
    "https://deno.land/std@0.97.0/path/win32.ts": "77f7b3604e0de40f3a7c698e8a79e7f601dc187035a1c21cb1e596666ce112f8",
    "https://deno.land/x/cache@0.2.13/cache.ts": "4005aad54fb9aac9ff02526ffa798032e57f2d7966905fdeb7949263b1c95f2f",
    "https://deno.land/x/cache@0.2.13/deps.ts": "6f14e76a1a09f329e3f3830c6e72bd10b53a89a75769d5ea886e5d8603e503e6",
    "https://deno.land/x/cache@0.2.13/directories.ts": "ef48531cab3f827252e248596d15cede0de179a2fb15392ae24cf8034519994f",
    "https://deno.land/x/cache@0.2.13/file.ts": "5abe7d80c6ac594c98e66eb4262962139f48cd9c49dbe2a77e9608760508a09a",
    "https://deno.land/x/cache@0.2.13/file_fetcher.ts": "5c793cc83a5b9377679ec313b2a2321e51bf7ed15380fa82d387f1cdef3b924f",
    "https://deno.land/x/cache@0.2.13/helpers.ts": "d1545d6432277b7a0b5ea254d1c51d572b6452a8eadd9faa7ad9c5586a1725c4",
    "https://deno.land/x/cache@0.2.13/mod.ts": "3188250d3a013ef6c9eb060e5284cf729083af7944a29e60bb3d8597dd20ebcd",
    "https://deno.land/x/denoflate@1.2.1/mod.ts": "f5628e44b80b3d80ed525afa2ba0f12408e3849db817d47a883b801f9ce69dd6",
    "https://deno.land/x/denoflate@1.2.1/pkg/denoflate.js": "b9f9ad9457d3f12f28b1fb35c555f57443427f74decb403113d67364e4f2caf4",
    "https://deno.land/x/denoflate@1.2.1/pkg/denoflate_bg.wasm.js": "d581956245407a2115a3d7e8d85a9641c032940a8e810acbd59ca86afd34d44d",
    "https://deno.land/x/esbuild@v0.15.13/mod.d.ts": "12e96a8d05c8e2c5638aa9cb09f24222134d437abb2f3f52de0156adb2270719",
    "https://deno.land/x/esbuild@v0.15.13/mod.js": "b826d8a942518a33da4a136aed2b749c6ad566f8aa2c51e5736392f2e34b9354",
    "https://deno.land/x/frontmatter@v0.1.4/deps.ts": "e6cafb4a0ae7d4ea7c3e0e4b5244ca69f75dbbad2dc8046529a76d40c232d447",
    "https://deno.land/x/frontmatter@v0.1.4/mod.ts": "5fc285ba3c28c4919099b97d9b82d70f40b9c0581a780039a87b93125c05ee39",
    "https://deno.land/x/media_types@v3.0.3/mod.ts": "c12ebcac562696c5679fc8d4f16531ec16349c2e7e9211108b27f0baa534eb62",
    "https://deno.land/x/websocket@v0.1.4/deps.ts": "1299887e27e09209d2eedc5c3b6552090842fac9e08f00dd235de39219efbd42",
    "https://deno.land/x/websocket@v0.1.4/lib/errors.ts": "efb2251dac1ac2036809b0bfb520d737aee70e362eba1e287c84d5299fb211e8",
    "https://deno.land/x/websocket@v0.1.4/lib/websocket.ts": "3363e0a8f59284de5439f5f3bd8831b65a2cfba047113fbc72e32934ebec3208",
    "https://deno.land/x/websocket@v0.1.4/mod.ts": "6b24e14dd1c5d64c1671dd678ca545cce9e2ebc91f67e8be864069808b948267",
    "https://raw.githubusercontent.com/jshttp/mime-db/v1.52.0/db.json": "85c8e1ba609079947c8df83c092900ab0226e1d7b60e5e7105fb7dd701833263",
    "https://unpkg.com/@bebraw/marked@4.0.19/lib/marked.esm.js": "1364960b0b0021563475415eceb05106b6d934f35dde0a87bb6276bcbf80c3eb",
    "https://unpkg.com/@highlightjs/cdn-assets@11.3.1/es/core.min.js": "3d0e47d13c5d9890826e6ff75648ad01f778708c3d88d0b51d7cec3cbd450d79",
    "https://unpkg.com/highlight.js@11.3.1/es/languages/bash.js": "be7fbc864def78c082183f74c706caba43c2e2f522e8827681324b2a69fc20fd",
    "https://unpkg.com/highlight.js@11.3.1/es/languages/javascript.js": "f943819f4eaf55d511a3a3dd6bb64a58b9efc15603a9f22504caac39f7a35900",
    "https://unpkg.com/highlight.js@11.3.1/es/languages/json.js": "3827393954434336fc2e81ea578ee602f68bdbcfdc8b28aa7aae625abe6ebd93",
    "https://unpkg.com/highlight.js@11.3.1/es/languages/typescript.js": "8a563883ecee219f7342c3e6be9aa6ae37f10637a1f04a506221053176274eed",
    "https://unpkg.com/highlight.js@11.3.1/es/languages/yaml.js": "1afc421087265b6d557ab129bb12c8828e5fcdbe4a3dc0534b48dc8d517d80fb"
  }
}
