{
  "version": "3",
  "packages": {
    "specifiers": {
      "npm:@twind/core@1.1.1": "npm:@twind/core@1.1.1",
      "npm:pagefind@1.0.3": "npm:pagefind@1.0.3"
    },
    "npm": {
      "@pagefind/darwin-arm64@1.0.3": {
        "integrity": "sha512-vsHDtvao3W4iFCxVc4S0BVhpj3E2MAoIVM7RmuQfGp1Ng22nGLRaMP6FguLO8TMabRJdvp4SVr227hL4WGKOHA==",
        "dependencies": {}
      },
      "@pagefind/darwin-x64@1.0.3": {
        "integrity": "sha512-NhEXHHYmB/hT6lx5rCcmnVTxH+uIkMAd43bzEqMwHQosqTZEIQfwihmV39H+m8yo7jFvz3zRbJNzhAh7G4PiwA==",
        "dependencies": {}
      },
      "@pagefind/linux-arm64@1.0.3": {
        "integrity": "sha512-RGsMt4AmGT8WxCSeP09arU7Za6Vf/We4TWHVSbY7vDMuwWql9Ngoib/q1cP9dIAIMdkXh9ePG/S3mGnJYsdzuQ==",
        "dependencies": {}
      },
      "@pagefind/linux-x64@1.0.3": {
        "integrity": "sha512-o+VCKaqImL42scSH1n5gUfppYSNyu3BuGTvtKKgWHmycbL+A3fkFH+ZOFbaLeN7LVTvJqJIOYbk4j2yaq9784Q==",
        "dependencies": {}
      },
      "@pagefind/windows-x64@1.0.3": {
        "integrity": "sha512-S+Yq4FyvXJm4F+iN/wRiLvEEF8Xs9lTKGtQGaRHXJslQyl65dytDDPIULXJXIadrDbnMrnTt4C2YHmEUIyUIHg==",
        "dependencies": {}
      },
      "@twind/core@1.1.1": {
        "integrity": "sha512-Yq+AwBlXGfZy+D1GkhmP3vXw+Vpnzme4kHz22XMEMxzrltmnw0UPOQvwVHvYy2JJJyxXfmPGQs5KdDeXbeOmFg==",
        "dependencies": {
          "csstype": "csstype@3.1.2"
        }
      },
      "csstype@3.1.2": {
        "integrity": "sha512-I7K1Uu0MBPzaFKg4nI5Q7Vs2t+3gWWW648spaF+Rg7pI9ds18Ugn+lvg4SHczUdKlHI5LWBXyqfS8+DufyBsgQ==",
        "dependencies": {}
      },
      "pagefind@1.0.3": {
        "integrity": "sha512-ws7kmMxW6OuxzsOjj3YAx6TYq/54MiE3wfyBM3J5CInbZyBBvM2Z8c8IYvnMkBcb5v2EoB9DewXEekOEiDRu5g==",
        "dependencies": {
          "@pagefind/darwin-arm64": "@pagefind/darwin-arm64@1.0.3",
          "@pagefind/darwin-x64": "@pagefind/darwin-x64@1.0.3",
          "@pagefind/linux-arm64": "@pagefind/linux-arm64@1.0.3",
          "@pagefind/linux-x64": "@pagefind/linux-x64@1.0.3",
          "@pagefind/windows-x64": "@pagefind/windows-x64@1.0.3"
        }
      }
    }
  },
  "redirects": {
    "https://deno.land/std/path/mod.ts": "https://deno.land/std@0.69.0/path/mod.ts",
    "https://unpkg.com/highlight.js@11.3.1/es/languages/bash": "https://unpkg.com/highlight.js@11.3.1/es/languages/bash.js",
    "https://unpkg.com/highlight.js@11.3.1/es/languages/javascript": "https://unpkg.com/highlight.js@11.3.1/es/languages/javascript.js",
    "https://unpkg.com/highlight.js@11.3.1/es/languages/json": "https://unpkg.com/highlight.js@11.3.1/es/languages/json.js",
    "https://unpkg.com/highlight.js@11.3.1/es/languages/typescript": "https://unpkg.com/highlight.js@11.3.1/es/languages/typescript.js",
    "https://unpkg.com/highlight.js@11.3.1/es/languages/xml": "https://unpkg.com/highlight.js@11.3.1/es/languages/xml.js",
    "https://unpkg.com/highlight.js@11.3.1/es/languages/yaml": "https://unpkg.com/highlight.js@11.3.1/es/languages/yaml.js"
  },
  "remote": {
    "https://cdn.skypack.dev/-/nanoid@v4.0.0-SV3vmaOx0roSeDMY0GZY/dist=es2019,mode=imports,min/optimized/nanoid.js": "0672928b21f8391e39f8d8ce04a610ef0d31ff5afaf1e15872169e4902190329",
    "https://cdn.skypack.dev/nanoid@4.0.0?min": "6df8d1088889cfc344d4d0775106363ad79e5a1dffc27a1516eb027407203d9b",
    "https://deno.land/std@0.134.0/_util/assert.ts": "e94f2eb37cebd7f199952e242c77654e43333c1ac4c5c700e929ea3aa5489f74",
    "https://deno.land/std@0.134.0/bytes/bytes_list.ts": "67eb118e0b7891d2f389dad4add35856f4ad5faab46318ff99653456c23b025d",
    "https://deno.land/std@0.134.0/bytes/equals.ts": "a60ef9f01fb6e06a4e0343fc44d53d39d12dd66bc3f09ac8e6eb9cc1a6335e48",
    "https://deno.land/std@0.134.0/bytes/mod.ts": "4cef6fe8f0de217b9babbcbb0a566402b667f18a8e6d094a45e5fb3fc1afff70",
    "https://deno.land/std@0.134.0/encoding/_yaml/dumper/dumper.ts": "51998d88c46f2720bf6c2d16416873a0501f69ea8648faf270cba41ad54a5580",
    "https://deno.land/std@0.134.0/encoding/_yaml/dumper/dumper_state.ts": "3c1bc8519c1832f0f136856881b97f0b42f64b7968767dbc36b8b0b6cae963dc",
    "https://deno.land/std@0.134.0/encoding/_yaml/error.ts": "6ca899f6d86c6979bce6d7c3a6a8e2a360b09d8b0f55d2e649bd1233604fb7c9",
    "https://deno.land/std@0.134.0/encoding/_yaml/loader/loader.ts": "d429d545bfed666f2e00572b6694eb70f6c7639926ff4889524e676eeccf9a8b",
    "https://deno.land/std@0.134.0/encoding/_yaml/loader/loader_state.ts": "59124e56d864274ce4043dca8bf63e937c6e960e4ad120465e424b38f3469b2d",
    "https://deno.land/std@0.134.0/encoding/_yaml/mark.ts": "7f67f43755b2602fefe52012eb3ab627880da97edd0f6c00f916ceb2ddb1b5d1",
    "https://deno.land/std@0.134.0/encoding/_yaml/parse.ts": "8f362dc01401099263d73a4bfa00bc90ea456d202507d62a11dfcfeac74484f5",
    "https://deno.land/std@0.134.0/encoding/_yaml/schema.ts": "83717fbf829f1caba84ff02e468c8792c47491fd202b1d95776ed0d8f58ea559",
    "https://deno.land/std@0.134.0/encoding/_yaml/schema/core.ts": "bcb47a389d596369fbfccf73a6b221ac3ca5440149b4f6df1e707f2efc6854ef",
    "https://deno.land/std@0.134.0/encoding/_yaml/schema/default.ts": "8b6bd9cb1cab07a3397e1cc3843edba6ad40d1bd15687c1f56cd977da834d984",
    "https://deno.land/std@0.134.0/encoding/_yaml/schema/extended.ts": "5e0bfd9a28c7a82ba40fc7ff7890df7469ec85390320349974acbc627ae1be88",
    "https://deno.land/std@0.134.0/encoding/_yaml/schema/failsafe.ts": "7254a9ca0dff8f30377098622812e55c4535aaf352fecb4ec51939e596bd74e7",
    "https://deno.land/std@0.134.0/encoding/_yaml/schema/json.ts": "2205d0d3d3377de56f92ac0f4a82bf561ea0d7b86eb195c9f0c32c7c7871d78f",
    "https://deno.land/std@0.134.0/encoding/_yaml/schema/mod.ts": "6769df6082aceee9849f71168f4353ba4f92e4a2a5a429a422debac13a593d4e",
    "https://deno.land/std@0.134.0/encoding/_yaml/state.ts": "374b8dc170417beccb364e543b25eef73576196f4a526836bb3a621b87a204a3",
    "https://deno.land/std@0.134.0/encoding/_yaml/stringify.ts": "ec15035c1928f96f4e42c0a0e9f3082512e294fd6b8ff6a0403a3ee9282f69aa",
    "https://deno.land/std@0.134.0/encoding/_yaml/type.ts": "95ad0cdbab49343b1527ebc7762c477726c34702438375be6781b44e03e9fcfc",
    "https://deno.land/std@0.134.0/encoding/_yaml/type/binary.ts": "8ae1bdeebe090133b1d1e1ef8427d5ea03f8b6f8944bd2eca578c81330700b0a",
    "https://deno.land/std@0.134.0/encoding/_yaml/type/bool.ts": "95c030531adc3d66a59979dc25c2fcdeb1f58ae40a91d6f9e9a537af0fd2b5a4",
    "https://deno.land/std@0.134.0/encoding/_yaml/type/float.ts": "0c39a6a3bb7cd90178c5bcdeb73a7b6865482db5b8b0495883289a8bc2d541fb",
    "https://deno.land/std@0.134.0/encoding/_yaml/type/function.ts": "b5642dda5ef8d47c0325a2b89a022cbce3be45ba21f8c4f9202364d967c6b3e5",
    "https://deno.land/std@0.134.0/encoding/_yaml/type/int.ts": "7197cba96ad8ad3c596ca34a364dacdf91ef396c462c6c2daecbdec056353f3d",
    "https://deno.land/std@0.134.0/encoding/_yaml/type/map.ts": "78bf5447d2e3f79d59bf7cb63a76ca7797854a0d8e2154c6fd35775c4e5c8c61",
    "https://deno.land/std@0.134.0/encoding/_yaml/type/merge.ts": "094b272e6087c6aef39cd9617fa6603ec934e507faad6c276d293e2734f9b083",
    "https://deno.land/std@0.134.0/encoding/_yaml/type/mod.ts": "b2f267dc0b0296cf8f6109aa129e2cf6d1e1f8c59f8903f0330c18749eca2d3c",
    "https://deno.land/std@0.134.0/encoding/_yaml/type/nil.ts": "1988843acab56e99e883cd047c40cc7fb799b6d335f541f022ae3b914abcbe35",
    "https://deno.land/std@0.134.0/encoding/_yaml/type/omap.ts": "fd3f2f9a8ae634996da84d021353ac8bf4b41e714f2711159d756d0e2f3aabd1",
    "https://deno.land/std@0.134.0/encoding/_yaml/type/pairs.ts": "90736f87b6e39a144205a235d8851f7bebf6bb3835fd03742c30253d5ecd7ec5",
    "https://deno.land/std@0.134.0/encoding/_yaml/type/regexp.ts": "a9e70491fa7ede8689b933d81142aa7635a253733a4df626bd479c55cb64222e",
    "https://deno.land/std@0.134.0/encoding/_yaml/type/seq.ts": "135f37a1b6dcb3688bc0dad0c9dc3a04370b1fc94267960586ea23877ffd3088",
    "https://deno.land/std@0.134.0/encoding/_yaml/type/set.ts": "2937ac0e1ce8c121a4009e74568e341e2a380fdb5f41f16050ce2ca7537b2bd8",
    "https://deno.land/std@0.134.0/encoding/_yaml/type/str.ts": "6420d3a0099d9fbc35861241b7dad65b800ff3909efe71ab71c895326187ab8d",
    "https://deno.land/std@0.134.0/encoding/_yaml/type/timestamp.ts": "3db0667dd9bdc3b3f0e8596fff023e87bc9fca230a545bb67d0bf3b732c1c656",
    "https://deno.land/std@0.134.0/encoding/_yaml/type/undefined.ts": "5b595082d064cf50a3345f5fdda8c02beb0768e9d97d4bd4c53ac81a9f94e185",
    "https://deno.land/std@0.134.0/encoding/_yaml/utils.ts": "c7e6bf055b08fffe700c7cbdfa2939cab7b9676ff75b6dc98d72d41b3b173d37",
    "https://deno.land/std@0.134.0/encoding/yaml.ts": "6760095814791325684cd146d10d49eef32bc4328a0516bf88fac9dc2cffa423",
    "https://deno.land/std@0.134.0/io/buffer.ts": "bd0c4bf53db4b4be916ca5963e454bddfd3fcd45039041ea161dbf826817822b",
    "https://deno.land/std@0.134.0/io/types.d.ts": "01f60ae7ec02675b5dbed150d258fc184a78dfe5c209ef53ba4422b46b58822c",
    "https://deno.land/std@0.140.0/_util/assert.ts": "e94f2eb37cebd7f199952e242c77654e43333c1ac4c5c700e929ea3aa5489f74",
    "https://deno.land/std@0.140.0/_util/os.ts": "3b4c6e27febd119d36a416d7a97bd3b0251b77c88942c8f16ee5953ea13e2e49",
    "https://deno.land/std@0.140.0/path/_constants.ts": "df1db3ffa6dd6d1252cc9617e5d72165cd2483df90e93833e13580687b6083c3",
    "https://deno.land/std@0.140.0/path/_interface.ts": "ee3b431a336b80cf445441109d089b70d87d5e248f4f90ff906820889ecf8d09",
    "https://deno.land/std@0.140.0/path/_util.ts": "c1e9686d0164e29f7d880b2158971d805b6e0efc3110d0b3e24e4b8af2190d2b",
    "https://deno.land/std@0.140.0/path/common.ts": "bee563630abd2d97f99d83c96c2fa0cca7cee103e8cb4e7699ec4d5db7bd2633",
    "https://deno.land/std@0.140.0/path/glob.ts": "cb5255638de1048973c3e69e420c77dc04f75755524cb3b2e160fe9277d939ee",
    "https://deno.land/std@0.140.0/path/mod.ts": "d3e68d0abb393fb0bf94a6d07c46ec31dc755b544b13144dee931d8d5f06a52d",
    "https://deno.land/std@0.140.0/path/posix.ts": "293cdaec3ecccec0a9cc2b534302dfe308adb6f10861fa183275d6695faace44",
    "https://deno.land/std@0.140.0/path/separator.ts": "fe1816cb765a8068afb3e8f13ad272351c85cbc739af56dacfc7d93d710fe0f9",
    "https://deno.land/std@0.140.0/path/win32.ts": "31811536855e19ba37a999cd8d1b62078235548d67902ece4aa6b814596dd757",
    "https://deno.land/std@0.161.0/_util/assert.ts": "e94f2eb37cebd7f199952e242c77654e43333c1ac4c5c700e929ea3aa5489f74",
    "https://deno.land/std@0.161.0/_util/os.ts": "8a33345f74990e627b9dfe2de9b040004b08ea5146c7c9e8fe9a29070d193934",
    "https://deno.land/std@0.161.0/async/abortable.ts": "87aa7230be8360c24ad437212311c9e8d4328854baec27b4c7abb26e85515c06",
    "https://deno.land/std@0.161.0/async/deadline.ts": "48ac998d7564969f3e6ec6b6f9bf0217ebd00239b1b2292feba61272d5dd58d0",
    "https://deno.land/std@0.161.0/async/debounce.ts": "dc8b92d4a4fe7eac32c924f2b8d3e62112530db70cadce27042689d82970b350",
    "https://deno.land/std@0.161.0/async/deferred.ts": "d8fb253ffde2a056e4889ef7e90f3928f28be9f9294b6505773d33f136aab4e6",
    "https://deno.land/std@0.161.0/async/delay.ts": "0419dfc993752849692d1f9647edf13407c7facc3509b099381be99ffbc9d699",
    "https://deno.land/std@0.161.0/async/mod.ts": "dd0a8ed4f3984ffabe2fcca7c9f466b7932d57b1864ffee148a5d5388316db6b",
    "https://deno.land/std@0.161.0/async/mux_async_iterator.ts": "3447b28a2a582224a3d4d3596bccbba6e85040da3b97ed64012f7decce98d093",
    "https://deno.land/std@0.161.0/async/pool.ts": "ef9eb97b388543acbf0ac32647121e4dbe629236899586c4d4311a8770fbb239",
    "https://deno.land/std@0.161.0/async/tee.ts": "9af3a3e7612af75861308b52249e167f5ebc3dcfc8a1a4d45462d96606ee2b70",
    "https://deno.land/std@0.161.0/flags/mod.ts": "686b6b36e14b00f11c9e26cecf439021158436a6e34f60eeb0d927f0b169ae20",
    "https://deno.land/std@0.161.0/fs/_util.ts": "fdc156f897197f261a1c096dcf8ff9267ed0ff42bd5b31f55053a4763a4bae3b",
    "https://deno.land/std@0.161.0/fs/copy.ts": "73bdf24f4322648d9bc38ef983b818637ba368351d17aa03644209d3ce3eac31",
    "https://deno.land/std@0.161.0/fs/empty_dir.ts": "c15a0aaaf40f8c21cca902aa1e01a789ad0c2fd1b7e2eecf4957053c5dbf707f",
    "https://deno.land/std@0.161.0/fs/ensure_dir.ts": "76395fc1c989ca8d2de3aedfa8240eb8f5225cde20f926de957995b063135b80",
    "https://deno.land/std@0.161.0/fs/ensure_file.ts": "b8e32ea63aa21221d0219760ba3f741f682d7f7d68d0d24a3ec067c338568152",
    "https://deno.land/std@0.161.0/fs/ensure_link.ts": "5cc1c04f18487d7d1edf4c5469705f30b61390ffd24ad7db6df85e7209b32bb2",
    "https://deno.land/std@0.161.0/fs/ensure_symlink.ts": "5273557b8c50be69477aa9cb003b54ff2240a336db52a40851c97abce76b96ab",
    "https://deno.land/std@0.161.0/fs/eol.ts": "65b1e27320c3eec6fb653b27e20056ee3d015d3e91db388cfefa41616ebc7cb3",
    "https://deno.land/std@0.161.0/fs/exists.ts": "6a447912e49eb79cc640adacfbf4b0baf8e17ede6d5bed057062ce33c4fa0d68",
    "https://deno.land/std@0.161.0/fs/expand_glob.ts": "d3f62aefc7718d878904d60d91e8e6dbbf86c696d32b6cbbc333637acf7f8571",
    "https://deno.land/std@0.161.0/fs/mod.ts": "354a6f972ef4e00c4dd1f1339a8828ef0764c1c23d3c0010af3fcc025d8655b0",
    "https://deno.land/std@0.161.0/fs/move.ts": "6d7fa9da60dbc7a32dd7fdbc2ff812b745861213c8e92ba96dace0669b0c378c",
    "https://deno.land/std@0.161.0/fs/walk.ts": "d96d4e5b6a3552e8304f28a0fd0b317b812298298449044f8de4932c869388a5",
    "https://deno.land/std@0.161.0/http/server.ts": "e99c1bee8a3f6571ee4cdeb2966efad465b8f6fe62bec1bdb59c1f007cc4d155",
    "https://deno.land/std@0.161.0/path/_constants.ts": "df1db3ffa6dd6d1252cc9617e5d72165cd2483df90e93833e13580687b6083c3",
    "https://deno.land/std@0.161.0/path/_interface.ts": "ee3b431a336b80cf445441109d089b70d87d5e248f4f90ff906820889ecf8d09",
    "https://deno.land/std@0.161.0/path/_util.ts": "d16be2a16e1204b65f9d0dfc54a9bc472cafe5f4a190b3c8471ec2016ccd1677",
    "https://deno.land/std@0.161.0/path/common.ts": "bee563630abd2d97f99d83c96c2fa0cca7cee103e8cb4e7699ec4d5db7bd2633",
    "https://deno.land/std@0.161.0/path/glob.ts": "cb5255638de1048973c3e69e420c77dc04f75755524cb3b2e160fe9277d939ee",
    "https://deno.land/std@0.161.0/path/mod.ts": "56fec03ad0ebd61b6ab39ddb9b0ddb4c4a5c9f2f4f632e09dd37ec9ebfd722ac",
    "https://deno.land/std@0.161.0/path/posix.ts": "6b63de7097e68c8663c84ccedc0fd977656eb134432d818ecd3a4e122638ac24",
    "https://deno.land/std@0.161.0/path/separator.ts": "fe1816cb765a8068afb3e8f13ad272351c85cbc739af56dacfc7d93d710fe0f9",
    "https://deno.land/std@0.161.0/path/win32.ts": "ee8826dce087d31c5c81cd414714e677eb68febc40308de87a2ce4b40e10fb8d",
    "https://deno.land/std@0.205.0/async/delay.ts": "a6142eb44cdd856b645086af2b811b1fcce08ec06bb7d50969e6a872ee9b8659",
    "https://deno.land/std@0.205.0/collections/_utils.ts": "5114abc026ddef71207a79609b984614e66a63a4bda17d819d56b0e72c51527e",
    "https://deno.land/std@0.205.0/collections/deep_merge.ts": "9db788ba56cb05b65c77166b789e58e125dff159b7f41bf4d19dc1cba19ecb8b",
    "https://deno.land/std@0.205.0/front_matter/_formats.ts": "08d92be6e8c616410bf62bf650a731a47d41ffd046498e552f67ef322af6232f",
    "https://deno.land/std@0.205.0/front_matter/any.ts": "92864a6a5d948587ba7fec8c42166af49f39452674b4dca7a53b209878f063cb",
    "https://deno.land/std@0.205.0/front_matter/create_extractor.ts": "7ad9b549d7b85ddb4597e69969f5af08ff5b3b5c76ad76f6b9c76424a6afb1b2",
    "https://deno.land/std@0.205.0/front_matter/mod.ts": "2e8bfab10670f4909a48be17eaf92478641347d1fb279f40a55e6aa5eb1062e2",
    "https://deno.land/std@0.205.0/front_matter/test.ts": "0085904df50401cd3582dc18bb4863494036619005a81f49b753ad73927ab9fa",
    "https://deno.land/std@0.205.0/front_matter/yaml.ts": "4f8f34138bb4b5dbfdce50fc9640038ca7c2a8daef1fb5a2c69c9cccac2ad401",
    "https://deno.land/std@0.205.0/http/server.ts": "1aebcfb61a5918b15af128e32adbcea166fa28e02c53d544b41e39d2c6cfa24b",
    "https://deno.land/std@0.205.0/media_types/_db.ts": "7606d83e31f23ce1a7968cbaee852810c2cf477903a095696cdc62eaab7ce570",
    "https://deno.land/std@0.205.0/media_types/_util.ts": "0879b04cc810ff18d3dcd97d361e03c9dfb29f67d7fc4a9c6c9d387282ef5fe8",
    "https://deno.land/std@0.205.0/media_types/content_type.ts": "a7a3cb6a2b6e81101637afcaa9884d655b4568ded84fa7e6169bb690a87ee2aa",
    "https://deno.land/std@0.205.0/media_types/extension.ts": "a7cd28c9417143387cdfed27d4e8607ebcf5b1ec27eb8473d5b000144689fe65",
    "https://deno.land/std@0.205.0/media_types/extensions_by_type.ts": "43806d6a52a0d6d965ada9d20e60a982feb40bc7a82268178d94edb764694fed",
    "https://deno.land/std@0.205.0/media_types/format_media_type.ts": "f5e1073c05526a6f5a516ac5c5587a1abd043bf1039c71cde1166aa4328c8baf",
    "https://deno.land/std@0.205.0/media_types/get_charset.ts": "18b88274796fda5d353806bf409eb1d2ddb3f004eb4bd311662c4cdd8ac173db",
    "https://deno.land/std@0.205.0/media_types/mod.ts": "d3f0b99f85053bc0b98ecc24eaa3546dfa09b856dc0bbaf60d8956d2cdd710c8",
    "https://deno.land/std@0.205.0/media_types/parse_media_type.ts": "31ccf2388ffab31b49500bb89fa0f5de189c8897e2ee6c9954f207637d488211",
    "https://deno.land/std@0.205.0/media_types/type_by_extension.ts": "8c210d4e28ea426414dd8c61146eefbcc7e091a89ccde54bbbe883a154856afd",
    "https://deno.land/std@0.205.0/media_types/vendor/mime-db.v1.52.0.ts": "6925bbcae81ca37241e3f55908d0505724358cda3384eaea707773b2c7e99586",
    "https://deno.land/std@0.205.0/toml/_parser.ts": "63d68503fc4e22dcc6b677126765e67fe570e62c86199874efd8b6c976dc2679",
    "https://deno.land/std@0.205.0/toml/parse.ts": "e900bafdf35d802519842a303e07a62ea5282186960b3474e8083509ab1c7f0d",
    "https://deno.land/std@0.205.0/yaml/_error.ts": "b59e2c76ce5a47b1b9fa0ff9f96c1dd92ea1e1b17ce4347ece5944a95c3c1a84",
    "https://deno.land/std@0.205.0/yaml/_loader/loader.ts": "63ec7f0a265dbbabc54b25a4beefff7650e205160a2d75c7d8f8363b5f84851a",
    "https://deno.land/std@0.205.0/yaml/_loader/loader_state.ts": "0841870b467169269d7c2dfa75cd288c319bc06f65edd9e42c29e5fced91c7a4",
    "https://deno.land/std@0.205.0/yaml/_mark.ts": "dcd8585dee585e024475e9f3fe27d29740670fb64ebb970388094cad0fc11d5d",
    "https://deno.land/std@0.205.0/yaml/_state.ts": "ef03d55ec235d48dcfbecc0ab3ade90bfae69a61094846e08003421c2cf5cfc6",
    "https://deno.land/std@0.205.0/yaml/_type/binary.ts": "24d49614463a7339a8a16d894919c2ec18a10588ae360ec352093b60e2cc8b0d",
    "https://deno.land/std@0.205.0/yaml/_type/bool.ts": "5bfa75da84343d45347b521ba4e5aeace9fe6f53447405290d53315a3fc20e66",
    "https://deno.land/std@0.205.0/yaml/_type/float.ts": "056bd3cb9c5586238b20517511014fb24b0e36f98f9f6073e12da308b6b9808a",
    "https://deno.land/std@0.205.0/yaml/_type/function.ts": "ff574fe84a750695302864e1c31b93f12d14ada4bde79a5f93197fc33ad17471",
    "https://deno.land/std@0.205.0/yaml/_type/int.ts": "563ad074f0fa7aecf6b6c3d84135bcc95a8269dcc15de878de20ce868fd773fa",
    "https://deno.land/std@0.205.0/yaml/_type/map.ts": "7b105e4ab03a361c61e7e335a0baf4d40f06460b13920e5af3fb2783a1464000",
    "https://deno.land/std@0.205.0/yaml/_type/merge.ts": "8192bf3e4d637f32567917f48bb276043da9cf729cf594e5ec191f7cd229337e",
    "https://deno.land/std@0.205.0/yaml/_type/mod.ts": "060e2b3d38725094b77ea3a3f05fc7e671fced8e67ca18e525be98c4aa8f4bbb",
    "https://deno.land/std@0.205.0/yaml/_type/nil.ts": "606e8f0c44d73117c81abec822f89ef81e40f712258c74f186baa1af659b8887",
    "https://deno.land/std@0.205.0/yaml/_type/omap.ts": "cfe59a294726f5cea705c39a61fd2b08199cf48f4ccd6b040cb550ec0f38d0a1",
    "https://deno.land/std@0.205.0/yaml/_type/pairs.ts": "0032fdfe57558d21696a4f8cf5b5cfd1f698743177080affc18629685c905666",
    "https://deno.land/std@0.205.0/yaml/_type/regexp.ts": "1ce118de15b2da43b4bd8e4395f42d448b731acf3bdaf7c888f40789f9a95f8b",
    "https://deno.land/std@0.205.0/yaml/_type/seq.ts": "95333abeec8a7e4d967b8c8328b269e342a4bbdd2585395549b9c4f58c8533a2",
    "https://deno.land/std@0.205.0/yaml/_type/set.ts": "f28ba44e632ef2a6eb580486fd47a460445eeddbdf1dbc739c3e62486f566092",
    "https://deno.land/std@0.205.0/yaml/_type/str.ts": "a67a3c6e429d95041399e964015511779b1130ea5889fa257c48457bd3446e31",
    "https://deno.land/std@0.205.0/yaml/_type/timestamp.ts": "706ea80a76a73e48efaeb400ace087da1f927647b53ad6f754f4e06d51af087f",
    "https://deno.land/std@0.205.0/yaml/_type/undefined.ts": "94a316ca450597ccbc6750cbd79097ad0d5f3a019797eed3c841a040c29540ba",
    "https://deno.land/std@0.205.0/yaml/_utils.ts": "26b311f0d42a7ce025060bd6320a68b50e52fd24a839581eb31734cd48e20393",
    "https://deno.land/std@0.205.0/yaml/parse.ts": "1fbbda572bf3fff578b6482c0d8b85097a38de3176bf3ab2ca70c25fb0c960ef",
    "https://deno.land/std@0.205.0/yaml/schema.ts": "96908b78dc50c340074b93fc1598d5e7e2fe59103f89ff81e5a49b2dedf77a67",
    "https://deno.land/std@0.205.0/yaml/schema/core.ts": "fa406f18ceedc87a50e28bb90ec7a4c09eebb337f94ef17468349794fa828639",
    "https://deno.land/std@0.205.0/yaml/schema/default.ts": "0047e80ae8a4a93293bc4c557ae8a546aabd46bb7165b9d9b940d57b4d88bde9",
    "https://deno.land/std@0.205.0/yaml/schema/extended.ts": "0784416bf062d20a1626b53c03380e265b3e39b9409afb9f4cb7d659fd71e60d",
    "https://deno.land/std@0.205.0/yaml/schema/failsafe.ts": "d219ab5febc43f770917d8ec37735a4b1ad671149846cbdcade767832b42b92b",
    "https://deno.land/std@0.205.0/yaml/schema/json.ts": "5f41dd7c2f1ad545ef6238633ce9ee3d444dfc5a18101e1768bd5504bf90e5e5",
    "https://deno.land/std@0.205.0/yaml/schema/mod.ts": "4472e827bab5025e92bc2eb2eeefa70ecbefc64b2799b765c69af84822efef32",
    "https://deno.land/std@0.205.0/yaml/type.ts": "65553da3da3c029b6589c6e4903f0afbea6768be8fca61580711457151f2b30f",
    "https://deno.land/std@0.69.0/_util/assert.ts": "e1f76e77c5ccb5a8e0dbbbe6cce3a56d2556c8cb5a9a8802fc9565af72462149",
    "https://deno.land/std@0.69.0/path/_constants.ts": "aba480c4a2c098b6374fdd5951fea13ecc8aaaf8b8aa4dae1871baa50243d676",
    "https://deno.land/std@0.69.0/path/_interface.ts": "5876f91d35fd42624893a4aaddaee352144e1f46e719f1dde6511bab7c3c1029",
    "https://deno.land/std@0.69.0/path/_util.ts": "f0fa012d40ae9b6acbef03908e534eb11e694de6470fb4d78ea4f38829e735ab",
    "https://deno.land/std@0.69.0/path/common.ts": "e4ec66a7416d56f60331b66e27a8a4f08c7b1cf48e350271cb69754a01cf5c04",
    "https://deno.land/std@0.69.0/path/glob.ts": "43cc45e8649a35a199c4106dfdf66206f46dfd8e2e626a746512c1a1376fde99",
    "https://deno.land/std@0.69.0/path/mod.ts": "6de8885c2534757097818e302becd1cefcbc4c28ac022cc279e612ee04e8cfd1",
    "https://deno.land/std@0.69.0/path/posix.ts": "40c387415fca91b3482214cf74880c415cda90b337bebd2c9d4b62d2097bc146",
    "https://deno.land/std@0.69.0/path/separator.ts": "9dd15d46ff84a16e13554f56af7fee1f85f8d0f379efbbe60ac066a60561f036",
    "https://deno.land/std@0.69.0/path/win32.ts": "9e200471f24fb560d22e74b238133cb75ebb57bead933de1cc5aefed4cda3346",
    "https://deno.land/std@0.92.0/_util/assert.ts": "2f868145a042a11d5ad0a3c748dcf580add8a0dbc0e876eaa0026303a5488f58",
    "https://deno.land/std@0.92.0/_util/has_own_property.ts": "f5edd94ed3f3c20c517d812045deb97977e18501c9b7105b5f5c11a31893d7a2",
    "https://deno.land/std@0.92.0/async/deferred.ts": "624bef4b755b71394620508a0c234a93cb8020cbd1b04bfcdad41c174392cef6",
    "https://deno.land/std@0.92.0/async/delay.ts": "9de1d8d07d1927767ab7f82434b883f3d8294fb19cad819691a2ad81a728cf3d",
    "https://deno.land/std@0.92.0/async/mod.ts": "253b41c658d768613eacfb11caa0a9ca7148442f932018a45576f7f27554c853",
    "https://deno.land/std@0.92.0/async/mux_async_iterator.ts": "b9091909db04cdb0af6f7807677372f64c1488de6c4bd86004511b064bf230d6",
    "https://deno.land/std@0.92.0/async/pool.ts": "876f9e6815366cd017a3b4fbb9e9ae40310b1b6972f1bd541c94358bc11fb7e5",
    "https://deno.land/std@0.92.0/bytes/mod.ts": "1ae1ccfe98c4b979f12b015982c7444f81fcb921bea7aa215bf37d84f46e1e13",
    "https://deno.land/std@0.92.0/fmt/colors.ts": "db22b314a2ae9430ae7460ce005e0a7130e23ae1c999157e3bb77cf55800f7e4",
    "https://deno.land/std@0.92.0/hash/sha1.ts": "1cca324b4b253885a47f121adafcfac55b4cc96113e22b338e1db26f37a730b8",
    "https://deno.land/std@0.92.0/http/_io.ts": "bf1331dd3be8aace9120614c1fedc2bb2449edc4779e31b74c0181ea9173f702",
    "https://deno.land/std@0.92.0/http/http_status.ts": "ebaa9bebfb8adc3d7b20c49e11037e4eefd79629ad80d81383933f4cdc91b3eb",
    "https://deno.land/std@0.92.0/http/server.ts": "d4e17c2aa5a5c65a2d19b9f24483be5f6c2a3e03665996fdf973e53c43091b48",
    "https://deno.land/std@0.92.0/io/buffer.ts": "2a92f02c1d8daaebaf13e5678ea5969c89f4fab533f687b9e7e86f49f11c3118",
    "https://deno.land/std@0.92.0/io/bufio.ts": "4053ea5d978479be68ae4d73424045a59c6b7a6e8f66727e4bfde516baa07126",
    "https://deno.land/std@0.92.0/io/ioutil.ts": "275fa440494df9b4b3aa656301ced2eeac533feec128b3a39b2b40f4cd957e42",
    "https://deno.land/std@0.92.0/io/util.ts": "03ca10e063afce551c501505c607ec336a40b9cb72363f5508e2a9ac81096bbf",
    "https://deno.land/std@0.92.0/node/_utils.ts": "33b06f2877d3ee80f17190ee81fdc436755ce74b9c2a9a4492c7cdfe2a03e4c6",
    "https://deno.land/std@0.92.0/node/events.ts": "0feda0707e2229363f5df8b799fed41bb91de6ca7106f27c7a9f0a02ea11b9d4",
    "https://deno.land/std@0.92.0/testing/_diff.ts": "961eaf6d9f5b0a8556c9d835bbc6fa74f5addd7d3b02728ba7936ff93364f7a3",
    "https://deno.land/std@0.92.0/testing/asserts.ts": "83889f9a37bdab16cb68b023a15f9172ceb644f62c0e727c72d4870a666e53d6",
    "https://deno.land/std@0.92.0/textproto/mod.ts": "1c89b39a079dd158893ab2e9ff79391c66049433d6ca82da7d64b32280570d51",
    "https://deno.land/std@0.92.0/ws/mod.ts": "bc521b3066441eb115ac94e3507bcc73098542f81d8d3ce7aad8d837316ce990",
    "https://deno.land/x/denoflate@1.2.1/mod.ts": "f5628e44b80b3d80ed525afa2ba0f12408e3849db817d47a883b801f9ce69dd6",
    "https://deno.land/x/denoflate@1.2.1/pkg/denoflate.js": "b9f9ad9457d3f12f28b1fb35c555f57443427f74decb403113d67364e4f2caf4",
    "https://deno.land/x/denoflate@1.2.1/pkg/denoflate_bg.wasm.js": "d581956245407a2115a3d7e8d85a9641c032940a8e810acbd59ca86afd34d44d",
    "https://deno.land/x/dotenv@v3.2.0/mod.ts": "077b48773de9205266a0b44c3c3a3c3083449ed64bb0b6cc461b95720678d38e",
    "https://deno.land/x/dotenv@v3.2.0/util.ts": "693730877b13f8ead2b79b2aa31e2a0652862f7dc0c5f6d2f313f4d39c7b7670",
    "https://deno.land/x/esbuild@v0.16.10/mod.d.ts": "512cc3135020e8b8ff9e291cb545c4a65e5e6cede6aa9182310eb7abbad8f8e7",
    "https://deno.land/x/esbuild@v0.16.10/mod.js": "2f5fff339b2971e114ee72ef8b97d34c9fdc21d6254dc194635ed2e2be090a2e",
    "https://deno.land/x/frontmatter@v0.1.4/deps.ts": "e6cafb4a0ae7d4ea7c3e0e4b5244ca69f75dbbad2dc8046529a76d40c232d447",
    "https://deno.land/x/frontmatter@v0.1.4/mod.ts": "5fc285ba3c28c4919099b97d9b82d70f40b9c0581a780039a87b93125c05ee39",
    "https://deno.land/x/gustwind@v0.41.0/site/components/SiteLink.ts": "f60675f4759a05a8f6e6b851873c681e1c21484dfb95c4820c81de9b3f5cd769",
    "https://deno.land/x/media_types@v3.0.3/mod.ts": "c12ebcac562696c5679fc8d4f16531ec16349c2e7e9211108b27f0baa534eb62",
    "https://deno.land/x/recursive_readdir@v2.0.0/mod.ts": "521e026015897f04551cc921c619e8c5e69bef161fdc86e7b29a8a85dc8ea1e0",
    "https://deno.land/x/url_join@1.0.0/mod.ts": "d3c7007e3ab15594e54d5b90dce623b3e274a726e0cdf57858e7ecab77a0166c",
    "https://deno.land/x/websocket@v0.1.4/deps.ts": "1299887e27e09209d2eedc5c3b6552090842fac9e08f00dd235de39219efbd42",
    "https://deno.land/x/websocket@v0.1.4/lib/errors.ts": "efb2251dac1ac2036809b0bfb520d737aee70e362eba1e287c84d5299fb211e8",
    "https://deno.land/x/websocket@v0.1.4/lib/websocket.ts": "3363e0a8f59284de5439f5f3bd8831b65a2cfba047113fbc72e32934ebec3208",
    "https://deno.land/x/websocket@v0.1.4/mod.ts": "6b24e14dd1c5d64c1671dd678ca545cce9e2ebc91f67e8be864069808b948267",
    "https://esm.sh/@twind/core@1.1.1": "fbcf5bf4528b7e0f96375d33a25a562ab3e1f4b3aa523f56bb126fd2b5562226",
    "https://esm.sh/@twind/preset-autoprefix@1.0.5": "d28f8724a021ebea2a77a004f37d8ede0a94fd8d45e18ffc505824402da3786a",
    "https://esm.sh/@twind/preset-tailwind@1.1.1": "140e09cacca7cee7d5cf5ed8701781c48180004bfb6fc901158082793244cce1",
    "https://esm.sh/@twind/preset-typography@1.0.5": "827fa69e8ba158b4f8fd703937ae2da031ca6119c0be92c78674c91205f02cb9",
    "https://esm.sh/htm@3.1.1": "2b60fdfcf11fe8c05cc190e771f7fdb6b3745b8d463ce864c758cd4da7e0ef6c",
    "https://esm.sh/v132/htm@3.1.1/denonext/htm.mjs": "55f083f3845f9c95510d21ce5d3ba24151dc625a23191b76c5ffbf00d14ed29a",
    "https://esm.sh/v99/@twind/core@1.1.1/core.d.ts": "8b658d90445194b10b4ee8d3dab85a70e8699486ad98b86967fe67016328b52c",
    "https://esm.sh/v99/@twind/core@1.1.1/deno/core.js": "b529beb9bf61a37bc111c11822e7ff25e266287b72a3dde9f4e2804916eec3e7",
    "https://esm.sh/v99/@twind/preset-autoprefix@1.0.5/deno/preset-autoprefix.js": "da2c9b1bdbcb7e93d282136e1c0b5cae66aa16dc97fb74bb917eb33afb9c61c4",
    "https://esm.sh/v99/@twind/preset-autoprefix@1.0.5/preset-autoprefix.d.ts": "edd290c949e29b316b44099e285599a19223bcb6d89264e0f38514e175bd6e3a",
    "https://esm.sh/v99/@twind/preset-tailwind@1.1.1/deno/base.js": "9931a5286616a76597b58e83db9c635c0413022f2b5f0c2bed18cd400465d866",
    "https://esm.sh/v99/@twind/preset-tailwind@1.1.1/deno/baseTheme.js": "78752dcebb74e5becc4de9e3d1783ab8ff3a08ac20b81ca9dac6d8ea0579a1b4",
    "https://esm.sh/v99/@twind/preset-tailwind@1.1.1/deno/preflight.js": "9f628f7788a0efcb23732a9c9dec3963e05f4f355e79d7c2dedd37d67ed8aff7",
    "https://esm.sh/v99/@twind/preset-tailwind@1.1.1/deno/preset-tailwind.js": "17c61a7011277fa331b4b5ff82af2803fa9dab4c3f90425d4703e3a297a3f5da",
    "https://esm.sh/v99/@twind/preset-tailwind@1.1.1/deno/rules.js": "62427670dc2154ebba92d774b9812cf33551ff518deccd8e3832f23a9ac96ec1",
    "https://esm.sh/v99/@twind/preset-tailwind@1.1.1/deno/variants.js": "d7ed706f05dd637662eca2cae24078f2ea0d3fd9c619737d517bfd2a1ec23c14",
    "https://esm.sh/v99/@twind/preset-tailwind@1.1.1/preset-tailwind.d.ts": "4a4c59e8af822c319d855697108561c8f4141662de0d2b04e5b031840b232096",
    "https://esm.sh/v99/@twind/preset-typography@1.0.5/deno/preset-typography.js": "ef6e4315254a6aa8e35ed131231bb72f029dc5a498db581bb7fbbb3f7b6d2bb9",
    "https://esm.sh/v99/@twind/preset-typography@1.0.5/preset-typography.d.ts": "a37b73a0835396571ae9c75118d64626e768e0604d4ebcf99d2e2337825c5235",
    "https://esm.sh/v99/csstype@3.1.1/index.d.ts": "1c29793071152b207c01ea1954e343be9a44d85234447b2b236acae9e709a383",
    "https://esm.sh/v99/style-vendorizer@2.2.3/deno/style-vendorizer.js": "bacdb96f034bbdae11a8d90427a6d49270d28d5939f02dbf0e7d0e52491ff9e3",
    "https://raw.githubusercontent.com/jshttp/mime-db/v1.52.0/db.json": "85c8e1ba609079947c8df83c092900ab0226e1d7b60e5e7105fb7dd701833263",
    "https://unpkg.com/@bebraw/marked@4.0.19/lib/marked.esm.js": "1364960b0b0021563475415eceb05106b6d934f35dde0a87bb6276bcbf80c3eb",
    "https://unpkg.com/@highlightjs/cdn-assets@11.3.1/es/core.min.js": "3d0e47d13c5d9890826e6ff75648ad01f778708c3d88d0b51d7cec3cbd450d79",
    "https://unpkg.com/highlight.js@11.3.1/es/languages/bash.js": "be7fbc864def78c082183f74c706caba43c2e2f522e8827681324b2a69fc20fd",
    "https://unpkg.com/highlight.js@11.3.1/es/languages/javascript.js": "f943819f4eaf55d511a3a3dd6bb64a58b9efc15603a9f22504caac39f7a35900",
    "https://unpkg.com/highlight.js@11.3.1/es/languages/json.js": "3827393954434336fc2e81ea578ee602f68bdbcfdc8b28aa7aae625abe6ebd93",
    "https://unpkg.com/highlight.js@11.3.1/es/languages/typescript.js": "8a563883ecee219f7342c3e6be9aa6ae37f10637a1f04a506221053176274eed",
    "https://unpkg.com/highlight.js@11.3.1/es/languages/xml.js": "06ee8d532e5a8df1a0830545e4e14cdf1778cbe0f7a04875ce2625c2e5f03432",
    "https://unpkg.com/highlight.js@11.3.1/es/languages/yaml.js": "1afc421087265b6d557ab129bb12c8828e5fcdbe4a3dc0534b48dc8d517d80fb"
  }
}
